{
  "name": "Teoriprov",
  "lockfileVersion": 2,
  "requires": true,
  "packages": {
    "": {
      "dependencies": {
        "pil": "^0.1.1"
      }
    },
    "node_modules/pil": {
      "version": "0.1.1",
      "resolved": "https://registry.npmjs.org/pil/-/pil-0.1.1.tgz",
      "integrity": "sha512-FTelhKQZbsj46zOpKNbT+ZPf0/GqCgngwohy+wPR4M0tiaaXwuPuG2B/UW29FHSFl8nin6eEFOI5gf9IniRPhA=="
    }
  },
  "dependencies": {
    "pil": {
      "version": "0.1.1",
      "resolved": "https://registry.npmjs.org/pil/-/pil-0.1.1.tgz",
      "integrity": "sha512-FTelhKQZbsj46zOpKNbT+ZPf0/GqCgngwohy+wPR4M0tiaaXwuPuG2B/UW29FHSFl8nin6eEFOI5gf9IniRPhA=="
    }
  }
}
